
Microsoft Visual Studio Solution File, Format Version 12.00
# Visual Studio 15
VisualStudioVersion = 15.0.27428.2037
MinimumVisualStudioVersion = 10.0.40219.1
Project("{FAE04EC0-301F-11D3-BF4B-00C04F79EFBC}") = "TravelingApp481.Android", "TravelingApp481\TravelingApp481.Android\TravelingApp481.Android.csproj", "{991AD545-E9CD-4F22-B6EE-7DC1B39AFB38}"
EndProject
Project("{FAE04EC0-301F-11D3-BF4B-00C04F79EFBC}") = "TravelingApp481.iOS", "TravelingApp481\TravelingApp481.iOS\TravelingApp481.iOS.csproj", "{11ADB47F-FEEA-42DC-9D23-97BB02CF02AD}"
EndProject
Project("{FAE04EC0-301F-11D3-BF4B-00C04F79EFBC}") = "TravelingApp481", "TravelingApp481\TravelingApp481\TravelingApp481.csproj", "{54B866B4-285A-4CAD-BDCB-41C3B3C4F4F6}"
EndProject
Global
	GlobalSection(SolutionConfigurationPlatforms) = preSolution
		Ad-Hoc|Any CPU = Ad-Hoc|Any CPU
		Ad-Hoc|iPhone = Ad-Hoc|iPhone
		Ad-Hoc|iPhoneSimulator = Ad-Hoc|iPhoneSimulator
		AppStore|Any CPU = AppStore|Any CPU
		AppStore|iPhone = AppStore|iPhone
		AppStore|iPhoneSimulator = AppStore|iPhoneSimulator
		Debug|Any CPU = Debug|Any CPU
		Debug|iPhone = Debug|iPhone
		Debug|iPhoneSimulator = Debug|iPhoneSimulator
		Release|Any CPU = Release|Any CPU
		Release|iPhone = Release|iPhone
		Release|iPhoneSimulator = Release|iPhoneSimulator
	EndGlobalSection
	GlobalSection(ProjectConfigurationPlatforms) = postSolution
		{991AD545-E9CD-4F22-B6EE-7DC1B39AFB38}.Ad-Hoc|Any CPU.ActiveCfg = Release|Any CPU
		{991AD545-E9CD-4F22-B6EE-7DC1B39AFB38}.Ad-Hoc|Any CPU.Build.0 = Release|Any CPU
		{991AD545-E9CD-4F22-B6EE-7DC1B39AFB38}.Ad-Hoc|Any CPU.Deploy.0 = Release|Any CPU
		{991AD545-E9CD-4F22-B6EE-7DC1B39AFB38}.Ad-Hoc|iPhone.ActiveCfg = Release|Any CPU
		{991AD545-E9CD-4F22-B6EE-7DC1B39AFB38}.Ad-Hoc|iPhone.Build.0 = Release|Any CPU
		{991AD545-E9CD-4F22-B6EE-7DC1B39AFB38}.Ad-Hoc|iPhone.Deploy.0 = Release|Any CPU
		{991AD545-E9CD-4F22-B6EE-7DC1B39AFB38}.Ad-Hoc|iPhoneSimulator.ActiveCfg = Release|Any CPU
		{991AD545-E9CD-4F22-B6EE-7DC1B39AFB38}.Ad-Hoc|iPhoneSimulator.Build.0 = Release|Any CPU
		{991AD545-E9CD-4F22-B6EE-7DC1B39AFB38}.Ad-Hoc|iPhoneSimulator.Deploy.0 = Release|Any CPU
		{991AD545-E9CD-4F22-B6EE-7DC1B39AFB38}.AppStore|Any CPU.ActiveCfg = Release|Any CPU
		{991AD545-E9CD-4F22-B6EE-7DC1B39AFB38}.AppStore|Any CPU.Build.0 = Release|Any CPU
		{991AD545-E9CD-4F22-B6EE-7DC1B39AFB38}.AppStore|Any CPU.Deploy.0 = Release|Any CPU
		{991AD545-E9CD-4F22-B6EE-7DC1B39AFB38}.AppStore|iPhone.ActiveCfg = Release|Any CPU
		{991AD545-E9CD-4F22-B6EE-7DC1B39AFB38}.AppStore|iPhone.Build.0 = Release|Any CPU
		{991AD545-E9CD-4F22-B6EE-7DC1B39AFB38}.AppStore|iPhone.Deploy.0 = Release|Any CPU
		{991AD545-E9CD-4F22-B6EE-7DC1B39AFB38}.AppStore|iPhoneSimulator.ActiveCfg = Release|Any CPU
		{991AD545-E9CD-4F22-B6EE-7DC1B39AFB38}.AppStore|iPhoneSimulator.Build.0 = Release|Any CPU
		{991AD545-E9CD-4F22-B6EE-7DC1B39AFB38}.AppStore|iPhoneSimulator.Deploy.0 = Release|Any CPU
		{991AD545-E9CD-4F22-B6EE-7DC1B39AFB38}.Debug|Any CPU.ActiveCfg = Debug|Any CPU
		{991AD545-E9CD-4F22-B6EE-7DC1B39AFB38}.Debug|Any CPU.Build.0 = Debug|Any CPU
		{991AD545-E9CD-4F22-B6EE-7DC1B39AFB38}.Debug|Any CPU.Deploy.0 = Debug|Any CPU
		{991AD545-E9CD-4F22-B6EE-7DC1B39AFB38}.Debug|iPhone.ActiveCfg = Debug|Any CPU
		{991AD545-E9CD-4F22-B6EE-7DC1B39AFB38}.Debug|iPhone.Build.0 = Debug|Any CPU
		{991AD545-E9CD-4F22-B6EE-7DC1B39AFB38}.Debug|iPhone.Deploy.0 = Debug|Any CPU
		{991AD545-E9CD-4F22-B6EE-7DC1B39AFB38}.Debug|iPhoneSimulator.ActiveCfg = Debug|Any CPU
		{991AD545-E9CD-4F22-B6EE-7DC1B39AFB38}.Debug|iPhoneSimulator.Build.0 = Debug|Any CPU
		{991AD545-E9CD-4F22-B6EE-7DC1B39AFB38}.Debug|iPhoneSimulator.Deploy.0 = Debug|Any CPU
		{991AD545-E9CD-4F22-B6EE-7DC1B39AFB38}.Release|Any CPU.ActiveCfg = Release|Any CPU
		{991AD545-E9CD-4F22-B6EE-7DC1B39AFB38}.Release|Any CPU.Build.0 = Release|Any CPU
		{991AD545-E9CD-4F22-B6EE-7DC1B39AFB38}.Release|Any CPU.Deploy.0 = Release|Any CPU
		{991AD545-E9CD-4F22-B6EE-7DC1B39AFB38}.Release|iPhone.ActiveCfg = Release|Any CPU
		{991AD545-E9CD-4F22-B6EE-7DC1B39AFB38}.Release|iPhone.Build.0 = Release|Any CPU
		{991AD545-E9CD-4F22-B6EE-7DC1B39AFB38}.Release|iPhone.Deploy.0 = Release|Any CPU
		{991AD545-E9CD-4F22-B6EE-7DC1B39AFB38}.Release|iPhoneSimulator.ActiveCfg = Release|Any CPU
		{991AD545-E9CD-4F22-B6EE-7DC1B39AFB38}.Release|iPhoneSimulator.Build.0 = Release|Any CPU
		{991AD545-E9CD-4F22-B6EE-7DC1B39AFB38}.Release|iPhoneSimulator.Deploy.0 = Release|Any CPU
		{11ADB47F-FEEA-42DC-9D23-97BB02CF02AD}.Ad-Hoc|Any CPU.ActiveCfg = Ad-Hoc|iPhone
		{11ADB47F-FEEA-42DC-9D23-97BB02CF02AD}.Ad-Hoc|iPhone.ActiveCfg = Ad-Hoc|iPhone
		{11ADB47F-FEEA-42DC-9D23-97BB02CF02AD}.Ad-Hoc|iPhone.Build.0 = Ad-Hoc|iPhone
		{11ADB47F-FEEA-42DC-9D23-97BB02CF02AD}.Ad-Hoc|iPhoneSimulator.ActiveCfg = Ad-Hoc|iPhoneSimulator
		{11ADB47F-FEEA-42DC-9D23-97BB02CF02AD}.Ad-Hoc|iPhoneSimulator.Build.0 = Ad-Hoc|iPhoneSimulator
		{11ADB47F-FEEA-42DC-9D23-97BB02CF02AD}.AppStore|Any CPU.ActiveCfg = AppStore|iPhone
		{11ADB47F-FEEA-42DC-9D23-97BB02CF02AD}.AppStore|iPhone.ActiveCfg = AppStore|iPhone
		{11ADB47F-FEEA-42DC-9D23-97BB02CF02AD}.AppStore|iPhone.Build.0 = AppStore|iPhone
		{11ADB47F-FEEA-42DC-9D23-97BB02CF02AD}.AppStore|iPhoneSimulator.ActiveCfg = AppStore|iPhoneSimulator
		{11ADB47F-FEEA-42DC-9D23-97BB02CF02AD}.AppStore|iPhoneSimulator.Build.0 = AppStore|iPhoneSimulator
		{11ADB47F-FEEA-42DC-9D23-97BB02CF02AD}.Debug|Any CPU.ActiveCfg = Debug|iPhone
		{11ADB47F-FEEA-42DC-9D23-97BB02CF02AD}.Debug|Any CPU.Build.0 = Debug|iPhone
		{11ADB47F-FEEA-42DC-9D23-97BB02CF02AD}.Debug|iPhone.ActiveCfg = Debug|iPhone
		{11ADB47F-FEEA-42DC-9D23-97BB02CF02AD}.Debug|iPhone.Build.0 = Debug|iPhone
		{11ADB47F-FEEA-42DC-9D23-97BB02CF02AD}.Debug|iPhoneSimulator.ActiveCfg = Debug|iPhoneSimulator
		{11ADB47F-FEEA-42DC-9D23-97BB02CF02AD}.Debug|iPhoneSimulator.Build.0 = Debug|iPhoneSimulator
		{11ADB47F-FEEA-42DC-9D23-97BB02CF02AD}.Release|Any CPU.ActiveCfg = Release|iPhone
		{11ADB47F-FEEA-42DC-9D23-97BB02CF02AD}.Release|iPhone.ActiveCfg = Release|iPhone
		{11ADB47F-FEEA-42DC-9D23-97BB02CF02AD}.Release|iPhone.Build.0 = Release|iPhone
		{11ADB47F-FEEA-42DC-9D23-97BB02CF02AD}.Release|iPhoneSimulator.ActiveCfg = Release|iPhoneSimulator
		{11ADB47F-FEEA-42DC-9D23-97BB02CF02AD}.Release|iPhoneSimulator.Build.0 = Release|iPhoneSimulator
		{54B866B4-285A-4CAD-BDCB-41C3B3C4F4F6}.Ad-Hoc|Any CPU.ActiveCfg = Debug|Any CPU
		{54B866B4-285A-4CAD-BDCB-41C3B3C4F4F6}.Ad-Hoc|Any CPU.Build.0 = Debug|Any CPU
		{54B866B4-285A-4CAD-BDCB-41C3B3C4F4F6}.Ad-Hoc|iPhone.ActiveCfg = Debug|Any CPU
		{54B866B4-285A-4CAD-BDCB-41C3B3C4F4F6}.Ad-Hoc|iPhone.Build.0 = Debug|Any CPU
		{54B866B4-285A-4CAD-BDCB-41C3B3C4F4F6}.Ad-Hoc|iPhoneSimulator.ActiveCfg = Debug|Any CPU
		{54B866B4-285A-4CAD-BDCB-41C3B3C4F4F6}.Ad-Hoc|iPhoneSimulator.Build.0 = Debug|Any CPU
		{54B866B4-285A-4CAD-BDCB-41C3B3C4F4F6}.AppStore|Any CPU.ActiveCfg = Debug|Any CPU
		{54B866B4-285A-4CAD-BDCB-41C3B3C4F4F6}.AppStore|Any CPU.Build.0 = Debug|Any CPU
		{54B866B4-285A-4CAD-BDCB-41C3B3C4F4F6}.AppStore|iPhone.ActiveCfg = Debug|Any CPU
		{54B866B4-285A-4CAD-BDCB-41C3B3C4F4F6}.AppStore|iPhone.Build.0 = Debug|Any CPU
		{54B866B4-285A-4CAD-BDCB-41C3B3C4F4F6}.AppStore|iPhoneSimulator.ActiveCfg = Debug|Any CPU
		{54B866B4-285A-4CAD-BDCB-41C3B3C4F4F6}.AppStore|iPhoneSimulator.Build.0 = Debug|Any CPU
		{54B866B4-285A-4CAD-BDCB-41C3B3C4F4F6}.Debug|Any CPU.ActiveCfg = Debug|Any CPU
		{54B866B4-285A-4CAD-BDCB-41C3B3C4F4F6}.Debug|Any CPU.Build.0 = Debug|Any CPU
		{54B866B4-285A-4CAD-BDCB-41C3B3C4F4F6}.Debug|iPhone.ActiveCfg = Debug|Any CPU
		{54B866B4-285A-4CAD-BDCB-41C3B3C4F4F6}.Debug|iPhone.Build.0 = Debug|Any CPU
		{54B866B4-285A-4CAD-BDCB-41C3B3C4F4F6}.Debug|iPhoneSimulator.ActiveCfg = Debug|Any CPU
		{54B866B4-285A-4CAD-BDCB-41C3B3C4F4F6}.Debug|iPhoneSimulator.Build.0 = Debug|Any CPU
		{54B866B4-285A-4CAD-BDCB-41C3B3C4F4F6}.Release|Any CPU.ActiveCfg = Release|Any CPU
		{54B866B4-285A-4CAD-BDCB-41C3B3C4F4F6}.Release|Any CPU.Build.0 = Release|Any CPU
		{54B866B4-285A-4CAD-BDCB-41C3B3C4F4F6}.Release|iPhone.ActiveCfg = Release|Any CPU
		{54B866B4-285A-4CAD-BDCB-41C3B3C4F4F6}.Release|iPhone.Build.0 = Release|Any CPU
		{54B866B4-285A-4CAD-BDCB-41C3B3C4F4F6}.Release|iPhoneSimulator.ActiveCfg = Release|Any CPU
		{54B866B4-285A-4CAD-BDCB-41C3B3C4F4F6}.Release|iPhoneSimulator.Build.0 = Release|Any CPU
	EndGlobalSection
	GlobalSection(SolutionProperties) = preSolution
		HideSolutionNode = FALSE
	EndGlobalSection
	GlobalSection(ExtensibilityGlobals) = postSolution
		SolutionGuid = {54E72D30-2089-454D-AAF8-DE62C7A13CCE}
	EndGlobalSection
EndGlobal
