
Microsoft Visual Studio Solution File, Format Version 12.00
# Visual Studio 15
VisualStudioVersion = 15.0.27130.2027
MinimumVisualStudioVersion = 10.0.40219.1
Project("{FAE04EC0-301F-11D3-BF4B-00C04F79EFBC}") = "Example", "Example\Example.csproj", "{7F9875FE-5F0B-42EE-A13C-F193D28F1724}"
EndProject
Global
	GlobalSection(SolutionConfigurationPlatforms) = preSolution
		Debug|Any CPU = Debug|Any CPU
		Release|Any CPU = Release|Any CPU
	EndGlobalSection
	GlobalSection(ProjectConfigurationPlatforms) = postSolution
		{7F9875FE-5F0B-42EE-A13C-F193D28F1724}.Debug|Any CPU.ActiveCfg = Debug|Any CPU
		{7F9875FE-5F0B-42EE-A13C-F193D28F1724}.Debug|Any CPU.Build.0 = Debug|Any CPU
		{7F9875FE-5F0B-42EE-A13C-F193D28F1724}.Release|Any CPU.ActiveCfg = Release|Any CPU
		{7F9875FE-5F0B-42EE-A13C-F193D28F1724}.Release|Any CPU.Build.0 = Release|Any CPU
	EndGlobalSection
	GlobalSection(SolutionProperties) = preSolution
		HideSolutionNode = FALSE
	EndGlobalSection
	GlobalSection(ExtensibilityGlobals) = postSolution
		SolutionGuid = {7A5D5237-4BEC-455C-9D62-EA744D4AC752}
	EndGlobalSection
EndGlobal
